
Microsoft Visual Studio Solution File, Format Version 12.00
# Visual Studio Version 16
VisualStudioVersion = 16.0.31911.196
MinimumVisualStudioVersion = 10.0.40219.1
Project("{FAE04EC0-301F-11D3-BF4B-00C04F79EFBC}") = "coffeeshop", "coffeeshop\coffeeshop.csproj", "{9368E2B0-7D41-42D3-81CD-F871D5986802}"
EndProject
Global
	GlobalSection(SolutionConfigurationPlatforms) = preSolution
		Debug|Any CPU = Debug|Any CPU
		Release|Any CPU = Release|Any CPU
	EndGlobalSection
	GlobalSection(ProjectConfigurationPlatforms) = postSolution
		{9368E2B0-7D41-42D3-81CD-F871D5986802}.Debug|Any CPU.ActiveCfg = Debug|Any CPU
		{9368E2B0-7D41-42D3-81CD-F871D5986802}.Debug|Any CPU.Build.0 = Debug|Any CPU
		{9368E2B0-7D41-42D3-81CD-F871D5986802}.Release|Any CPU.ActiveCfg = Release|Any CPU
		{9368E2B0-7D41-42D3-81CD-F871D5986802}.Release|Any CPU.Build.0 = Release|Any CPU
	EndGlobalSection
	GlobalSection(SolutionProperties) = preSolution
		HideSolutionNode = FALSE
	EndGlobalSection
	GlobalSection(ExtensibilityGlobals) = postSolution
		SolutionGuid = {9959610F-BC3E-4697-91E9-32E34D5B9FDA}
	EndGlobalSection
EndGlobal
